
Microsoft Visual Studio Solution File, Format Version 12.00
# Visual Studio Version 16
VisualStudioVersion = 16.0.31624.102
MinimumVisualStudioVersion = 10.0.40219.1
Project("{FAE04EC0-301F-11D3-BF4B-00C04F79EFBC}") = "VE2C5T_HFT_2021221.Client", "VE2C5T_HFT_2021221.Client\VE2C5T_HFT_2021221.Client.csproj", "{70E717E7-D020-4E11-8278-77A956F5E83C}"
EndProject
Project("{FAE04EC0-301F-11D3-BF4B-00C04F79EFBC}") = "VE2C5T_HFT_2021221.Models", "VE2C5T_HFT_2021221.Models\VE2C5T_HFT_2021221.Models.csproj", "{94EB59E9-6707-4648-9DB5-F59D78C17639}"
EndProject
Project("{FAE04EC0-301F-11D3-BF4B-00C04F79EFBC}") = "VE2C5T_HFT_2021221.Data", "VE2C5T_HFT_2021221.Data\VE2C5T_HFT_2021221.Data.csproj", "{EA6BE756-F7DC-480E-8AC1-09C9FEEE5064}"
EndProject
Project("{FAE04EC0-301F-11D3-BF4B-00C04F79EFBC}") = "VE2C5T_HFT_2021221.Logic", "VE2C5T_HFT_2021221.Logic\VE2C5T_HFT_2021221.Logic.csproj", "{3864B099-3473-451B-A4FA-D450352D455B}"
EndProject
Project("{FAE04EC0-301F-11D3-BF4B-00C04F79EFBC}") = "VE2C5T_HFT_2021221.Repository", "VE2C5T_HFT_2021221.Repository\VE2C5T_HFT_2021221.Repository.csproj", "{D5005276-5283-4438-AD52-4CB13C3AC4AD}"
EndProject
Project("{FAE04EC0-301F-11D3-BF4B-00C04F79EFBC}") = "VE2C5T_HFT_2021221.Endpoint", "VE2C5T_HFT_2021221.Endpoint\VE2C5T_HFT_2021221.Endpoint.csproj", "{DC4F0C5E-CFCD-4FFB-BAC9-1A0B45846281}"
EndProject
Project("{FAE04EC0-301F-11D3-BF4B-00C04F79EFBC}") = "VE2C5T_HFT_2021221.Test", "VE2C5T_HFT_2021221.Test\VE2C5T_HFT_2021221.Test.csproj", "{E6ACBB19-620B-467F-B828-793BE3569B48}"
EndProject
Project("{2150E333-8FDC-42A3-9474-1A3956D46DE8}") = "Backend", "Backend", "{EA2C33AF-03E8-414F-B338-65E09A5CD4F2}"
EndProject
Project("{2150E333-8FDC-42A3-9474-1A3956D46DE8}") = "Frontend", "Frontend", "{8B3A1DBE-A7A3-4D1B-9E98-699FF69AF649}"
EndProject
Project("{2150E333-8FDC-42A3-9474-1A3956D46DE8}") = "Shared", "Shared", "{E9503C03-7E1D-402D-B25B-2EFCF82197CE}"
EndProject
Global
	GlobalSection(SolutionConfigurationPlatforms) = preSolution
		Debug|Any CPU = Debug|Any CPU
		Release|Any CPU = Release|Any CPU
	EndGlobalSection
	GlobalSection(ProjectConfigurationPlatforms) = postSolution
		{70E717E7-D020-4E11-8278-77A956F5E83C}.Debug|Any CPU.ActiveCfg = Debug|Any CPU
		{70E717E7-D020-4E11-8278-77A956F5E83C}.Debug|Any CPU.Build.0 = Debug|Any CPU
		{70E717E7-D020-4E11-8278-77A956F5E83C}.Release|Any CPU.ActiveCfg = Release|Any CPU
		{70E717E7-D020-4E11-8278-77A956F5E83C}.Release|Any CPU.Build.0 = Release|Any CPU
		{94EB59E9-6707-4648-9DB5-F59D78C17639}.Debug|Any CPU.ActiveCfg = Debug|Any CPU
		{94EB59E9-6707-4648-9DB5-F59D78C17639}.Debug|Any CPU.Build.0 = Debug|Any CPU
		{94EB59E9-6707-4648-9DB5-F59D78C17639}.Release|Any CPU.ActiveCfg = Release|Any CPU
		{94EB59E9-6707-4648-9DB5-F59D78C17639}.Release|Any CPU.Build.0 = Release|Any CPU
		{EA6BE756-F7DC-480E-8AC1-09C9FEEE5064}.Debug|Any CPU.ActiveCfg = Debug|Any CPU
		{EA6BE756-F7DC-480E-8AC1-09C9FEEE5064}.Debug|Any CPU.Build.0 = Debug|Any CPU
		{EA6BE756-F7DC-480E-8AC1-09C9FEEE5064}.Release|Any CPU.ActiveCfg = Release|Any CPU
		{EA6BE756-F7DC-480E-8AC1-09C9FEEE5064}.Release|Any CPU.Build.0 = Release|Any CPU
		{3864B099-3473-451B-A4FA-D450352D455B}.Debug|Any CPU.ActiveCfg = Debug|Any CPU
		{3864B099-3473-451B-A4FA-D450352D455B}.Debug|Any CPU.Build.0 = Debug|Any CPU
		{3864B099-3473-451B-A4FA-D450352D455B}.Release|Any CPU.ActiveCfg = Release|Any CPU
		{3864B099-3473-451B-A4FA-D450352D455B}.Release|Any CPU.Build.0 = Release|Any CPU
		{D5005276-5283-4438-AD52-4CB13C3AC4AD}.Debug|Any CPU.ActiveCfg = Debug|Any CPU
		{D5005276-5283-4438-AD52-4CB13C3AC4AD}.Debug|Any CPU.Build.0 = Debug|Any CPU
		{D5005276-5283-4438-AD52-4CB13C3AC4AD}.Release|Any CPU.ActiveCfg = Release|Any CPU
		{D5005276-5283-4438-AD52-4CB13C3AC4AD}.Release|Any CPU.Build.0 = Release|Any CPU
		{DC4F0C5E-CFCD-4FFB-BAC9-1A0B45846281}.Debug|Any CPU.ActiveCfg = Debug|Any CPU
		{DC4F0C5E-CFCD-4FFB-BAC9-1A0B45846281}.Debug|Any CPU.Build.0 = Debug|Any CPU
		{DC4F0C5E-CFCD-4FFB-BAC9-1A0B45846281}.Release|Any CPU.ActiveCfg = Release|Any CPU
		{DC4F0C5E-CFCD-4FFB-BAC9-1A0B45846281}.Release|Any CPU.Build.0 = Release|Any CPU
		{E6ACBB19-620B-467F-B828-793BE3569B48}.Debug|Any CPU.ActiveCfg = Debug|Any CPU
		{E6ACBB19-620B-467F-B828-793BE3569B48}.Debug|Any CPU.Build.0 = Debug|Any CPU
		{E6ACBB19-620B-467F-B828-793BE3569B48}.Release|Any CPU.ActiveCfg = Release|Any CPU
		{E6ACBB19-620B-467F-B828-793BE3569B48}.Release|Any CPU.Build.0 = Release|Any CPU
	EndGlobalSection
	GlobalSection(SolutionProperties) = preSolution
		HideSolutionNode = FALSE
	EndGlobalSection
	GlobalSection(NestedProjects) = preSolution
		{70E717E7-D020-4E11-8278-77A956F5E83C} = {8B3A1DBE-A7A3-4D1B-9E98-699FF69AF649}
		{94EB59E9-6707-4648-9DB5-F59D78C17639} = {E9503C03-7E1D-402D-B25B-2EFCF82197CE}
		{EA6BE756-F7DC-480E-8AC1-09C9FEEE5064} = {EA2C33AF-03E8-414F-B338-65E09A5CD4F2}
		{3864B099-3473-451B-A4FA-D450352D455B} = {EA2C33AF-03E8-414F-B338-65E09A5CD4F2}
		{D5005276-5283-4438-AD52-4CB13C3AC4AD} = {EA2C33AF-03E8-414F-B338-65E09A5CD4F2}
		{DC4F0C5E-CFCD-4FFB-BAC9-1A0B45846281} = {EA2C33AF-03E8-414F-B338-65E09A5CD4F2}
		{E6ACBB19-620B-467F-B828-793BE3569B48} = {EA2C33AF-03E8-414F-B338-65E09A5CD4F2}
	EndGlobalSection
	GlobalSection(ExtensibilityGlobals) = postSolution
		SolutionGuid = {01C80728-3BD4-4F9B-A832-2A92B0F876FD}
	EndGlobalSection
EndGlobal
